{
  "originHash" : "45dd14921649f6d88d5c666deb980ef2c631b400e7f0527b6a6af45164bfa17a",
  "pins" : [
    {
      "identity" : "tiqr-app-core-ios",
      "kind" : "remoteSourceControl",
      "location" : "https://github.com/Tiqr/tiqr-app-core-ios",
      "state" : {
        "revision" : "34d63500ebbe4d810a29a6dc1f76e59ce853d5fd"
      }
    }
  ],
  "version" : 3
}
