{
  "pins" : [
    {
      "identity" : "tiqr-app-core-ios",
      "kind" : "remoteSourceControl",
      "location" : "https://github.com/Tiqr/tiqr-app-core-ios",
      "state" : {
        "branch" : "develop",
        "revision" : "e5013d7e626ae4ff5d4c657075e482f1aa1dcf24"
      }
    }
  ],
  "version" : 2
}
