{
  "object": {
    "pins": [
      {
        "package": "Tiqr",
        "repositoryURL": "https://github.com/Tiqr/tiqr-app-core-ios",
        "state": {
          "branch": "develop",
          "revision": "a48bbe0be7cfcea51fa7ed01bad1d7fd300e3601",
          "version": null
        }
      }
    ]
  },
  "version": 1
}
