{
  "object": {
    "pins": [
      {
        "package": "Tiqr",
        "repositoryURL": "https://github.com/SURFnet/tiqr-app-core-ios",
        "state": {
          "branch": "develop",
          "revision": "14a451563ac55ba055fbe2cf093f79f756cf9d32",
          "version": null
        }
      }
    ]
  },
  "version": 1
}
