{
  "object": {
    "pins": [
      {
        "package": "Tiqr",
        "repositoryURL": "https://github.com/SURFnet/tiqr-app-core-ios",
        "state": {
          "branch": "develop",
          "revision": "7afbfaef16a13fecf5c4b6aa438dd0b40edf32d4",
          "version": null
        }
      }
    ]
  },
  "version": 1
}
